
Microsoft Visual Studio Solution File, Format Version 12.00
# Visual Studio Version 17
VisualStudioVersion = 17.5.33516.290
MinimumVisualStudioVersion = 10.0.40219.1
Project("{FAE04EC0-301F-11D3-BF4B-00C04F79EFBC}") = "Common", "Common\Common.csproj", "{49FA4F42-E077-4569-AF80-A407FE2CBC0D}"
EndProject
Project("{FAE04EC0-301F-11D3-BF4B-00C04F79EFBC}") = "Server", "Server\Server.csproj", "{67709C54-6130-49CA-A81F-A03DDD55086C}"
EndProject
Project("{FAE04EC0-301F-11D3-BF4B-00C04F79EFBC}") = "Client", "Client\Client.csproj", "{A5104E0E-2725-40C7-973D-8ACCD89EEEC0}"
EndProject
Global
	GlobalSection(SolutionConfigurationPlatforms) = preSolution
		Debug|Any CPU = Debug|Any CPU
		Release|Any CPU = Release|Any CPU
	EndGlobalSection
	GlobalSection(ProjectConfigurationPlatforms) = postSolution
		{49FA4F42-E077-4569-AF80-A407FE2CBC0D}.Debug|Any CPU.ActiveCfg = Debug|Any CPU
		{49FA4F42-E077-4569-AF80-A407FE2CBC0D}.Debug|Any CPU.Build.0 = Debug|Any CPU
		{49FA4F42-E077-4569-AF80-A407FE2CBC0D}.Release|Any CPU.ActiveCfg = Release|Any CPU
		{49FA4F42-E077-4569-AF80-A407FE2CBC0D}.Release|Any CPU.Build.0 = Release|Any CPU
		{67709C54-6130-49CA-A81F-A03DDD55086C}.Debug|Any CPU.ActiveCfg = Debug|Any CPU
		{67709C54-6130-49CA-A81F-A03DDD55086C}.Debug|Any CPU.Build.0 = Debug|Any CPU
		{67709C54-6130-49CA-A81F-A03DDD55086C}.Release|Any CPU.ActiveCfg = Release|Any CPU
		{67709C54-6130-49CA-A81F-A03DDD55086C}.Release|Any CPU.Build.0 = Release|Any CPU
		{A5104E0E-2725-40C7-973D-8ACCD89EEEC0}.Debug|Any CPU.ActiveCfg = Debug|Any CPU
		{A5104E0E-2725-40C7-973D-8ACCD89EEEC0}.Debug|Any CPU.Build.0 = Debug|Any CPU
		{A5104E0E-2725-40C7-973D-8ACCD89EEEC0}.Release|Any CPU.ActiveCfg = Release|Any CPU
		{A5104E0E-2725-40C7-973D-8ACCD89EEEC0}.Release|Any CPU.Build.0 = Release|Any CPU
	EndGlobalSection
	GlobalSection(SolutionProperties) = preSolution
		HideSolutionNode = FALSE
	EndGlobalSection
	GlobalSection(ExtensibilityGlobals) = postSolution
		SolutionGuid = {4F6C40C9-95A6-4CF9-B717-E236C104FC8A}
	EndGlobalSection
EndGlobal
